
Microsoft Visual Studio Solution File, Format Version 12.00
# Visual Studio Version 16
VisualStudioVersion = 16.0.30503.244
MinimumVisualStudioVersion = 10.0.40219.1
Project("{9A19103F-16F7-4668-BE54-9A1E7A4F7556}") = "ConsoleApp1", "ConsoleApp1\ConsoleApp1.csproj", "{57185D48-BF2D-4728-8278-62798EA16C65}"
EndProject
Project("{FAE04EC0-301F-11D3-BF4B-00C04F79EFBC}") = "WpfCustomControlLibrary1", "WpfCustomControlLibrary1\WpfCustomControlLibrary1.csproj", "{CBB6434A-B42D-4017-A873-E05D8AEF101D}"
EndProject
Project("{FAE04EC0-301F-11D3-BF4B-00C04F79EFBC}") = "WpfApp2", "WpfApp2\WpfApp2.csproj", "{1CE66CDD-0631-4991-B6DC-6280C03ADFC6}"
EndProject
Global
	GlobalSection(SolutionConfigurationPlatforms) = preSolution
		Debug|Any CPU = Debug|Any CPU
		Release|Any CPU = Release|Any CPU
	EndGlobalSection
	GlobalSection(ProjectConfigurationPlatforms) = postSolution
		{57185D48-BF2D-4728-8278-62798EA16C65}.Debug|Any CPU.ActiveCfg = Debug|Any CPU
		{57185D48-BF2D-4728-8278-62798EA16C65}.Debug|Any CPU.Build.0 = Debug|Any CPU
		{57185D48-BF2D-4728-8278-62798EA16C65}.Release|Any CPU.ActiveCfg = Release|Any CPU
		{57185D48-BF2D-4728-8278-62798EA16C65}.Release|Any CPU.Build.0 = Release|Any CPU
		{CBB6434A-B42D-4017-A873-E05D8AEF101D}.Debug|Any CPU.ActiveCfg = Debug|Any CPU
		{CBB6434A-B42D-4017-A873-E05D8AEF101D}.Debug|Any CPU.Build.0 = Debug|Any CPU
		{CBB6434A-B42D-4017-A873-E05D8AEF101D}.Release|Any CPU.ActiveCfg = Release|Any CPU
		{CBB6434A-B42D-4017-A873-E05D8AEF101D}.Release|Any CPU.Build.0 = Release|Any CPU
		{1CE66CDD-0631-4991-B6DC-6280C03ADFC6}.Debug|Any CPU.ActiveCfg = Debug|Any CPU
		{1CE66CDD-0631-4991-B6DC-6280C03ADFC6}.Debug|Any CPU.Build.0 = Debug|Any CPU
		{1CE66CDD-0631-4991-B6DC-6280C03ADFC6}.Release|Any CPU.ActiveCfg = Release|Any CPU
		{1CE66CDD-0631-4991-B6DC-6280C03ADFC6}.Release|Any CPU.Build.0 = Release|Any CPU
	EndGlobalSection
	GlobalSection(SolutionProperties) = preSolution
		HideSolutionNode = FALSE
	EndGlobalSection
	GlobalSection(ExtensibilityGlobals) = postSolution
		SolutionGuid = {61715599-8EA4-4ED8-B533-81C8B36B664B}
	EndGlobalSection
EndGlobal
